{
  "version": "2",
  "remote": {
    "https://deno.land/std@0.119.0/_util/assert.ts": "2f868145a042a11d5ad0a3c748dcf580add8a0dbc0e876eaa0026303a5488f58",
    "https://deno.land/std@0.119.0/async/deadline.ts": "1d6ac7aeaee22f75eb86e4e105d6161118aad7b41ae2dd14f4cfd3bf97472b93",
    "https://deno.land/std@0.119.0/async/debounce.ts": "b2f693e4baa16b62793fd618de6c003b63228db50ecfe3bd51fc5f6dc0bc264b",
    "https://deno.land/std@0.119.0/async/deferred.ts": "ab60d46ba561abb3b13c0c8085d05797a384b9f182935f051dc67136817acdee",
    "https://deno.land/std@0.119.0/async/delay.ts": "f2d8ccaa8ebc26594bd8b0989edfd8a96257a714c1dee2fb54d986e5bdd840ac",
    "https://deno.land/std@0.119.0/async/mod.ts": "78425176fabea7bd1046ce3819fd69ce40da85c83e0f174d17e8e224a91f7d10",
    "https://deno.land/std@0.119.0/async/mux_async_iterator.ts": "62abff3af9ff619e8f2adc96fc70d4ca020fa48a50c23c13f12d02ed2b760dbe",
    "https://deno.land/std@0.119.0/async/pool.ts": "353ce4f91865da203a097aa6f33de8966340c91b6f4a055611c8c5d534afd12f",
    "https://deno.land/std@0.119.0/async/tee.ts": "3e9f2ef6b36e55188de16a667c702ace4ad0cf84e3720379160e062bf27348ad",
    "https://deno.land/std@0.119.0/datetime/formatter.ts": "107f290338f83a4683adc961b7bd4d394be10ab5ae5c0cc6b9d97961b9f648bf",
    "https://deno.land/std@0.119.0/datetime/mod.ts": "ddbf54ca8144583cdf16f49b5a69c6b4594215d7b14fef8fecc5ff73911da9e3",
    "https://deno.land/std@0.119.0/datetime/tokenizer.ts": "492bb6251e75e0c03d5a89a66bd2b03e08e9cbc298d51e002cf59378aaa32c48",
    "https://deno.land/std@0.119.0/http/cookie.ts": "72f6bef1d2a092b1846747dfc00a9764aac7b218eccbdc37ca43dee5973d47c8",
    "https://deno.land/std@0.119.0/http/http_status.ts": "2ff185827bff21c7be2807fcb09a6a2166464ba57fcd94afe805abab8e09070a",
    "https://deno.land/std@0.119.0/http/mod.ts": "2c27735357f9e722c8396661089231f74631911ccb3c677e0b7b9f00492c2742",
    "https://deno.land/std@0.119.0/http/server.ts": "d0be8a9da160255623e645f5b515fa1c6b65eecfbb9cad87ef8002d4f8d56616",
    "https://deno.land/std@0.152.0/fmt/colors.ts": "6f9340b7fb8cc25a993a99e5efc56fe81bb5af284ff412129dd06df06f53c0b4",
    "https://deno.land/std@0.152.0/testing/_diff.ts": "029a00560b0d534bc0046f1bce4bd36b3b41ada3f2a3178c85686eb2ff5f1413",
    "https://deno.land/std@0.152.0/testing/_format.ts": "0d8dc79eab15b67cdc532826213bbe05bccfd276ca473a50a3fc7bbfb7260642",
    "https://deno.land/std@0.152.0/testing/asserts.ts": "093735c88f52bbead7f60a1f7a97a2ce4df3c2d5fab00a46956f20b4a5793ccd",
    "https://deno.land/std@0.155.0/encoding/base64.ts": "c57868ca7fa2fbe919f57f88a623ad34e3d970d675bdc1ff3a9d02bba7409db2",
    "https://deno.land/std@0.158.0/_util/assert.ts": "e94f2eb37cebd7f199952e242c77654e43333c1ac4c5c700e929ea3aa5489f74",
    "https://deno.land/std@0.158.0/flags/mod.ts": "5ecf064f28471b455be61a71b68172236151f3362c8b4a663d5aedee93179ded",
    "https://deno.land/std@0.170.0/_util/asserts.ts": "d0844e9b62510f89ce1f9878b046f6a57bf88f208a10304aab50efcb48365272",
    "https://deno.land/std@0.170.0/_util/os.ts": "8a33345f74990e627b9dfe2de9b040004b08ea5146c7c9e8fe9a29070d193934",
    "https://deno.land/std@0.170.0/node/_utils.ts": "1085a229e910b3a6672f3c3be05507591811dc67be2ae2188e9fc9ef4376b172",
    "https://deno.land/std@0.170.0/node/internal/error_codes.ts": "ac03c4eae33de3a69d6c98e8678003207eecf75a6900eb847e3fea3c8c9e6d8f",
    "https://deno.land/std@0.170.0/node/internal_binding/_libuv_winerror.ts": "801e05c2742ae6cd42a5f0fd555a255a7308a65732551e962e5345f55eedc519",
    "https://deno.land/std@0.170.0/node/internal_binding/_winerror.ts": "8811d4be66f918c165370b619259c1f35e8c3e458b8539db64c704fbde0a7cd2",
    "https://deno.land/std@0.170.0/node/internal_binding/uv.ts": "27922aaec43de314afd99dfca1ce8f4d51ced9f5195e4917b54d387766404f61",
    "https://deno.land/std@0.170.0/node/perf_hooks.ts": "521454a3e74f0af6a2aad91fa59a22a2c7be19698106a0fbbbcf22ac33764105",
    "https://deno.land/std@0.171.0/_util/asserts.ts": "178dfc49a464aee693a7e285567b3d0b555dc805ff490505a8aae34f9cfb1462",
    "https://deno.land/std@0.171.0/async/abortable.ts": "73acfb3ed7261ce0d930dbe89e43db8d34e017b063cf0eaa7d215477bf53442e",
    "https://deno.land/std@0.171.0/async/deadline.ts": "b98e50d2c42399af03ad13bbb8cf59dadb9f0cd5d70648cc0c3b9202d75ab565",
    "https://deno.land/std@0.171.0/async/debounce.ts": "adab11d04ca38d699444ac8a9d9856b4155e8dda2afd07ce78276c01ea5a4332",
    "https://deno.land/std@0.171.0/async/deferred.ts": "42790112f36a75a57db4a96d33974a936deb7b04d25c6084a9fa8a49f135def8",
    "https://deno.land/std@0.171.0/async/delay.ts": "73aa04cec034c84fc748c7be49bb15cac3dd43a57174bfdb7a4aec22c248f0dd",
    "https://deno.land/std@0.171.0/async/mod.ts": "f04344fa21738e5ad6bea37a6bfffd57c617c2d372bb9f9dcfd118a1b622e576",
    "https://deno.land/std@0.171.0/async/mux_async_iterator.ts": "70c7f2ee4e9466161350473ad61cac0b9f115cff4c552eaa7ef9d50c4cbb4cc9",
    "https://deno.land/std@0.171.0/async/pool.ts": "fd082bd4aaf26445909889435a5c74334c017847842ec035739b4ae637ae8260",
    "https://deno.land/std@0.171.0/async/retry.ts": "5efa3ba450ac0c07a40a82e2df296287b5013755d232049efd7ea2244f15b20f",
    "https://deno.land/std@0.171.0/async/tee.ts": "47e42d35f622650b02234d43803d0383a89eb4387e1b83b5a40106d18ae36757",
    "https://deno.land/std@0.171.0/datetime/to_imf.ts": "851d072a1c86c7ec34c753e61b1951ceda50c9da805b170a0ecaea3b024dd266",
    "https://deno.land/std@0.171.0/flags/mod.ts": "d1cdefa18472ef69858a17df5cf7c98445ed27ac10e1460183081303b0ebc270",
    "https://deno.land/std@0.171.0/fmt/colors.ts": "938c5d44d889fb82eff6c358bea8baa7e85950a16c9f6dae3ec3a7a729164471",
    "https://deno.land/std@0.171.0/http/_negotiation/common.ts": "14d1a52427ab258a4b7161cd80e1d8a207b7cc64b46e911780f57ead5f4323c6",
    "https://deno.land/std@0.171.0/http/_negotiation/encoding.ts": "ff747d107277c88cb7a6a62a08eeb8d56dad91564cbcccb30694d5dc126dcc53",
    "https://deno.land/std@0.171.0/http/_negotiation/language.ts": "7bcddd8db3330bdb7ce4fc00a213c5547c1968139864201efd67ef2d0d51887d",
    "https://deno.land/std@0.171.0/http/_negotiation/media_type.ts": "58847517cd549384ad677c0fe89e0a4815be36fe7a303ea63cee5f6a1d7e1692",
    "https://deno.land/std@0.171.0/http/cookie.ts": "4afa70654aee951b1b5a82b8939566843bf6eea605a961c7abc8e9705afd0a20",
    "https://deno.land/std@0.171.0/http/cookie_map.ts": "8cf428c03ef17c197196a5c382495cd4adecbfb597f6f8f3cd7e1775c3e79ffd",
    "https://deno.land/std@0.171.0/http/http_errors.ts": "57169d9bdf4cda1982a3742693c146ab1bf2cbc88df003b40ac905a30013d4cb",
    "https://deno.land/std@0.171.0/http/http_status.ts": "8a7bcfe3ac025199ad804075385e57f63d055b2aed539d943ccc277616d6f932",
    "https://deno.land/std@0.171.0/http/mod.ts": "b8039c604915f9b27fea8e251479ae30e4d15b1c01223b73fb0399e763fe2a5d",
    "https://deno.land/std@0.171.0/http/negotiation.ts": "32761c921afa7847cf767fe81c81785721abccc0db0fc51c7ec2a45868b4ee4a",
    "https://deno.land/std@0.171.0/http/server.ts": "cbb17b594651215ba95c01a395700684e569c165a567e4e04bba327f41197433",
    "https://deno.land/std@0.171.0/testing/_diff.ts": "1a3c044aedf77647d6cac86b798c6417603361b66b54c53331b312caeb447aea",
    "https://deno.land/std@0.171.0/testing/_format.ts": "a69126e8a469009adf4cf2a50af889aca364c349797e63174884a52ff75cf4c7",
    "https://deno.land/std@0.171.0/testing/asserts.ts": "984ab0bfb3faeed92ffaa3a6b06536c66811185328c5dd146257c702c41b01ab",
    "https://deno.land/x/html@v1.2.0/mod.ts": "cf4a00358668309fd1b9814a338ddb7cc2c9af466eeab0d5937b09f2b6ffa724",
    "https://deno.land/x/rss@0.5.6/deps.ts": "7e1d455d3c3176f5c662e281c40456f2c81380fd3998bb1f84c5e285db4a5a88",
    "https://deno.land/x/rss@0.5.6/mod.ts": "e3543b4feeadb666a6973fa1d5139d928fb3d6fde8529021b3ac5e47e55681bb",
    "https://deno.land/x/rss@0.5.6/src/deserializer.ts": "897ed3a1ee73775e1aa85e40cfaa7d38966aa52bc801edcf9ce73b621b02ab55",
    "https://deno.land/x/rss@0.5.6/src/mappers/mapper.ts": "34356df91fe3ccbadcb3f0798f8a9f5bb7791d6c74030c03b4ea0e22e29b1bfb",
    "https://deno.land/x/rss@0.5.6/src/mappers/mapper_legacy.ts": "2ee4a0f2e6546c45f916538fe0ca8c0c402318eb05676b12cf991f56310888f7",
    "https://deno.land/x/rss@0.5.6/src/mappers/media_mapper.ts": "d21314dc8d687cc7976c81b94d1e92bcb840f9a3cc59cfeef82a4835d60f6a2f",
    "https://deno.land/x/rss@0.5.6/src/mappers/mod.ts": "c7ea71d61bc4b6f6886f53701c1dffd974fe11d6d9d1f811064baeebf48899dc",
    "https://deno.land/x/rss@0.5.6/src/resolvers/atom_resolver.ts": "41107cc3c57f7b51b5a8c425bb7bf91773e9d8ace01fa6c0f1df8352532d46dd",
    "https://deno.land/x/rss@0.5.6/src/resolvers/dublin_core_resolver.ts": "cdc12e443e3ce7d96b839b7ed6e97d26f0500c4bd1c8051a88871fd9fce3bcd7",
    "https://deno.land/x/rss@0.5.6/src/resolvers/media_rss_resolver.ts": "d40784e616b98d83d4a6f0d7b8e31199096a4172f7fe401c871ad504bc556a3b",
    "https://deno.land/x/rss@0.5.6/src/resolvers/mod.ts": "063f3341070fa0e69cea48a9387a226e0a1c500193d7e75cb25b0a870717c8fa",
    "https://deno.land/x/rss@0.5.6/src/resolvers/rss1_resolver.ts": "76292ebe5ab13aa17408288f62d19bdd78c74b47307e2db7fc0df595305d37a4",
    "https://deno.land/x/rss@0.5.6/src/resolvers/rss2_resolver.ts": "a82b0e9e5ba0f73d4bd924de12b0d02575a2fc56142bea534a83e632bb166b97",
    "https://deno.land/x/rss@0.5.6/src/resolvers/slash_resolver.ts": "ea904b557a18961077bb974cea64629fd46f0cc5964fd8e66eaaeca5f0682ce4",
    "https://deno.land/x/rss@0.5.6/src/resolvers/types/resolver_result.ts": "c0b211a60e799da35911aa8e6a4e882b2282261db00f94288fdc353054bd55b3",
    "https://deno.land/x/rss@0.5.6/src/types/atom.ts": "49726f13bce85e829cbcddff038652a8bc8c55279d8b07194a6b088035168a59",
    "https://deno.land/x/rss@0.5.6/src/types/deserialization_result.ts": "4f1c7a44c8c508fca4ce1558c73626ed2505140d85824208bc6512736f48aef7",
    "https://deno.land/x/rss@0.5.6/src/types/dublin_core.ts": "8b18fc08f705d2e380315213355cdf47114f1a08dcdc55865d14d13023eb87d6",
    "https://deno.land/x/rss@0.5.6/src/types/feed.ts": "b57a6b3a8498021aabe7c265d2b656aa666ca2f24e048975c4ee7b1c1fe699e0",
    "https://deno.land/x/rss@0.5.6/src/types/feed_type.ts": "b2098f23982be344a19f00915437550d1e4002fb653ac9e34455a90119ee4e6c",
    "https://deno.land/x/rss@0.5.6/src/types/fields/atom_fields.ts": "85bf1a4b3e917baa3c94f3fba8283b678d5a10e78a16c42cfa19b2ee0bf210b3",
    "https://deno.land/x/rss@0.5.6/src/types/fields/dublin_core_fields.ts": "fd6b7e5b660a4f99cabb7a62ae91ab48579de340e57c8dd7ad62c992e64c1644",
    "https://deno.land/x/rss@0.5.6/src/types/fields/media_rss_fields.ts": "076b1e23b6ca99002ffb13e5859164acdf45617aea90440acc75fb28f3aa00b4",
    "https://deno.land/x/rss@0.5.6/src/types/fields/mod.ts": "cdcbf786f30577d8e95648f10a6a1a069e6f68ba749e3b753caff94f205ddaaa",
    "https://deno.land/x/rss@0.5.6/src/types/fields/rss1_fields.ts": "04da9ca7d3fe2b59626c6b3bd18bfd41bf1b1531bc33f2d4f420f10da4e84f7e",
    "https://deno.land/x/rss@0.5.6/src/types/fields/rss2_fields.ts": "c5041472e42cdf04e9f6b2e6e2e334b016aff40524c9a4a4f2c3a5875f9508ea",
    "https://deno.land/x/rss@0.5.6/src/types/fields/slash_fields.ts": "11a1cf81744fe3b2bddbcf3a3ce6f86406d250198ef8c41e6fa58dd652e2e466",
    "https://deno.land/x/rss@0.5.6/src/types/internal/internal_atom.ts": "32a68a98bdcf268c60fdf054ed214a5ee35d75a0dbd960ad9449502b333e4107",
    "https://deno.land/x/rss@0.5.6/src/types/internal/internal_dublin_core.ts": "9f3d63a2386335c8bfe03d3ca3aa6e71f437edb2df0c29f1317308f35cdbcfea",
    "https://deno.land/x/rss@0.5.6/src/types/internal/internal_media_rss.ts": "77a85ac367575395497017c7d0982622b20dfd39ebaf1282406d0c5dc37b6e93",
    "https://deno.land/x/rss@0.5.6/src/types/internal/internal_rss1.ts": "844a931f74950bf50415758f236ed9b7df8a9d9996326582365d721378794974",
    "https://deno.land/x/rss@0.5.6/src/types/internal/internal_rss2.ts": "84a63a3dbeddc50e7a61303b083abc351d2287b5ac715eca4f4db8f4b006b504",
    "https://deno.land/x/rss@0.5.6/src/types/internal/mod.ts": "3347809917893b3b7f1730486f1c89002ca0745be43d61443cabb780b70bfc0b",
    "https://deno.land/x/rss@0.5.6/src/types/json_feed.ts": "5d39ff077934ba361b1132dcb75d1d5a397404aef9b3c0aa57ece103d8761982",
    "https://deno.land/x/rss@0.5.6/src/types/media_rss.ts": "eb428330be4b063169503d68c3802543342e301921bf1bb3fbda5094ac16275c",
    "https://deno.land/x/rss@0.5.6/src/types/mod.ts": "c8daacf748276644389dd3c8d9c5e6c964707cc59b719b35aa1a424d453d543c",
    "https://deno.land/x/rss@0.5.6/src/types/rss1.ts": "30335c0ec9c02e5ebb0ffbe5d8341a23b9c261cd85a7a7780bb6f9523fe406f9",
    "https://deno.land/x/rss@0.5.6/src/types/rss2.ts": "e71052107ea616cbd74e2c2e3c2f0c42680a97ec9ce2edfd6f440ab98ff89581",
    "https://deno.land/x/rss@0.5.6/src/types/slash.ts": "9a08968ef416f818de3ab9778650fa0b586f9c8c60369bdbd365ba110c5f6f05",
    "https://deno.land/x/rss@0.5.6/src/types/value_field.ts": "27bf4039789ad4fc2044137de736651d0e416dfd461e8dda9b0800cc735900d3",
    "https://deno.land/x/rss@0.5.6/src/util.ts": "a6611bcea8acf000eb01220092f1bea6c18aaf3ad82578c60563f25f6260c080",
    "https://deno.land/x/sax_ts@v1.2.10/src/sax.ts": "3d468d10d13d2690b5910fd12afc3cf52d979c0f144899d5c36da45c0931634e",
    "https://deno.land/x/sqlite@v3.4.0/build/sqlite.d.ts": "b52e6b5ea2e0517750be2ea1eae8da0edd5056c1f285247aa1c0153f4ef504ec",
    "https://deno.land/x/sqlite@v3.4.0/build/sqlite.js": "ad339d4b614f527ce8c62c75b52c6e8f747fd44fc0b3ecc231d22089cbec9adf",
    "https://deno.land/x/sqlite@v3.4.0/build/vfs.js": "01bae9acd531a68590479da0571b68e71357922a1e2f5ef91382ea3f2b22a3f5",
    "https://deno.land/x/sqlite@v3.4.0/mod.ts": "eb55ff3e103826ee735fa1a8ec2db6e96c8fec826faf198239c66a0fe635c4b6",
    "https://deno.land/x/sqlite@v3.4.0/src/constants.ts": "b967237b460fafa03ca03aeddb33953bed41c7cbdc309a934e2329a5c84079ac",
    "https://deno.land/x/sqlite@v3.4.0/src/db.ts": "7ab765f31a07da0de4a5a421cc8f3f6298ce77518242a1f7c6f896b79e483882",
    "https://deno.land/x/sqlite@v3.4.0/src/error.ts": "abf9df169951faf8c21a68d99ef9efd257c788c19784f27dd147507fbdfe5fe7",
    "https://deno.land/x/sqlite@v3.4.0/src/query.ts": "df4d3d6b23d52b36243dd47c07ed6ed7cd23f7834a0f6a2f2c6dbffba63d4c28",
    "https://deno.land/x/sqlite@v3.4.0/src/wasm.ts": "e79d0baa6e42423257fb3c7cc98091c54399254867e0f34a09b5bdef37bd9487",
    "https://deno.land/x/sqlite@v3.7.0/build/sqlite.d.ts": "12908ced1670f96d5dc39aebb0d659630136fa6523881e4712cfb20b122dd324",
    "https://deno.land/x/sqlite@v3.7.0/build/sqlite.js": "cc55fef9cd124b2acb624899a5fad413834f4701bcfc21ac275844b822466292",
    "https://deno.land/x/sqlite@v3.7.0/build/vfs.js": "08533cc78fb29b9d9bd62f6bb93e5ef333407013fed185776808f11223ba0e70",
    "https://deno.land/x/sqlite@v3.7.0/mod.ts": "e09fc79d8065fe222578114b109b1fd60077bff1bb75448532077f784f4d6a83",
    "https://deno.land/x/sqlite@v3.7.0/src/constants.ts": "90f3be047ec0a89bcb5d6fc30db121685fc82cb00b1c476124ff47a4b0472aa9",
    "https://deno.land/x/sqlite@v3.7.0/src/db.ts": "87e3d222d00dd2e2827816a47976c6359996ab39e69c7f87855ea414585839c6",
    "https://deno.land/x/sqlite@v3.7.0/src/error.ts": "f7a15cb00d7c3797da1aefee3cf86d23e0ae92e73f0ba3165496c3816ab9503a",
    "https://deno.land/x/sqlite@v3.7.0/src/function.ts": "e4c83b8ec64bf88bafad2407376b0c6a3b54e777593c70336fb40d43a79865f2",
    "https://deno.land/x/sqlite@v3.7.0/src/query.ts": "69895232360b4254a8834e3bbea30bc3752cf691dba862f4a393e7a41a2e30eb",
    "https://deno.land/x/sqlite@v3.7.0/src/wasm.ts": "e79d0baa6e42423257fb3c7cc98091c54399254867e0f34a09b5bdef37bd9487",
    "https://esm.sh/linkedom@0.14.12/": "469ad4cb21cd0525a9666ad0f743f460380d48fe6dc84c5c7f17610563cb3892",
    "https://esm.sh/linkedom@0.14.21/": "f5a72dbf8552fb4efbd84a0468e971d390b1fed1f523738b5ceccb5744be6ea8",
    "https://esm.sh/v102/boolbase@1.0.0/deno/boolbase.js": "c2de9c6051e43e825cebf96303dccc8c84d84db898ee48f19cb64a52df887f31",
    "https://esm.sh/v102/canvas@2.11.0/deno/canvas.js": "ba8bb6858d36755f3af3f5bdbfa10c6a838b299aa02c82324a61621cbe35fd9c",
    "https://esm.sh/v102/css-select@5.1.0/deno/css-select.js": "a49ee3c29bce78fce1557e270017dd62888c89027aaf362da7005374b383b337",
    "https://esm.sh/v102/css-what@6.1.0/deno/css-what.js": "b748f3252b086c97e0acf4dcb786fd65e786d9c269e095a6454bbc9cd64bcfe3",
    "https://esm.sh/v102/cssom@0.5.0/deno/cssom.js": "7e95364494c05d636ba66d7a2bfaddfa9a2b0de1b53e9dc54ff7073451bba060",
    "https://esm.sh/v102/dom-serializer@2.0.0/deno/dom-serializer.js": "7b619bd86ce1a05b485fa4cbbd4d0b9032bfef77ee044ec3a36b62739ebed7af",
    "https://esm.sh/v102/domelementtype@2.3.0/deno/domelementtype.js": "2bbc5ada9929825ac019e137ffdb26fcf04e3eaccaf0e8d6786cd1b8bb8b8f63",
    "https://esm.sh/v102/domhandler@5.0.3/deno/domhandler.js": "cf188b785084294631e5dbc6edfda23be1eb3fff095282537ae55225114395e8",
    "https://esm.sh/v102/domutils@3.0.1/deno/domutils.js": "b27f8aa0607c839757013be7f35beecb6825457d383cf87f4903148175d6aab5",
    "https://esm.sh/v102/entities@4.4.0/deno/entities.js": "ecd597a9def9f23216f11eb50f806d1c9afc634a882891e4b7596513766a50be",
    "https://esm.sh/v102/entities@4.4.0/deno/lib/decode.js": "899639d51d3861f1dae620e9dfa4b8ca1651d34a1c9465dcfd7226dba31c2459",
    "https://esm.sh/v102/entities@4.4.0/deno/lib/escape.js": "3046762ed5a3ccdbb174c5595b1c15d3c0bde7e897130434d0dfca63a1af1aea",
    "https://esm.sh/v102/htmlparser2@8.0.1/deno/htmlparser2.js": "500441e6c34b3d5dca24d12a23d461085c6770d24708718829b6617b9a4c9084",
    "https://esm.sh/v102/linkedom@0.14.12/deno/linkedom.js": "84411a22a5b06a12b58f1b8d9602fc53d5a282ad0d6cfc56cd8ce20875a54e0d",
    "https://esm.sh/v102/linkedom@0.14.12/types/dom/parser.d.ts": "6c4a29bad5a74d623f5ca907859e6bd28a28499e1fbc329fb58af3b84d4c9653",
    "https://esm.sh/v102/linkedom@0.14.12/types/html/anchor-element.d.ts": "8bcaf1ecf73af8bacb5cb382a1b75c1641175ba740d9d97c4d1d7c85e392d548",
    "https://esm.sh/v102/linkedom@0.14.12/types/html/area-element.d.ts": "4765fbd1d58f74eea1cbf9da977cf0ec6ac4794fe749e6ac5ba42835bf38fb5e",
    "https://esm.sh/v102/linkedom@0.14.12/types/html/audio-element.d.ts": "70f90797244ac0d7f1d7217a4cf5d084ce9c5a452778fe6bfbfc13f385735871",
    "https://esm.sh/v102/linkedom@0.14.12/types/html/base-element.d.ts": "ed768f82ae3bf6c4c5f1df97f011ebf77524799fed2e533e50f8b7276e183ffa",
    "https://esm.sh/v102/linkedom@0.14.12/types/html/body-element.d.ts": "5e9c88404224db99e0360df2928c73a1f89a92a10d6702bdd8575192055d20c6",
    "https://esm.sh/v102/linkedom@0.14.12/types/html/br-element.d.ts": "321ac70ae41868699160733c1e0c04fec51eb906ee6d4c9a9ef94df637ee83f3",
    "https://esm.sh/v102/linkedom@0.14.12/types/html/button-element.d.ts": "89487823edff51acb77bf8c0ae8bccd8d0573c509804affc49d3caa322903998",
    "https://esm.sh/v102/linkedom@0.14.12/types/html/canvas-element.d.ts": "6d4ae26166480992fc5ab74dab48f639cb5268c76d8997bc754df5b1f2ad3ce5",
    "https://esm.sh/v102/linkedom@0.14.12/types/html/d-list-element.d.ts": "a7a2e26ced2012dbdfcdeec871b4d82bf1efa9999ee82bc926536ee45d80a1c6",
    "https://esm.sh/v102/linkedom@0.14.12/types/html/data-element.d.ts": "12f3a09d7a498cf55a1a4cec066f70d1a93436b35b88514a5c7ab0ad770341e9",
    "https://esm.sh/v102/linkedom@0.14.12/types/html/data-list-element.d.ts": "a7395992018e0c10f3d543a80eb67c37112e051e00dd5907d6d9c391141da805",
    "https://esm.sh/v102/linkedom@0.14.12/types/html/details-element.d.ts": "6286d6da09f2dacac76dc6f8e4041756ab4b3505d621db36f5e2bac042d7e25d",
    "https://esm.sh/v102/linkedom@0.14.12/types/html/directory-element.d.ts": "0a518d3d8cf7f11f1dd310e9e8f200f7042dd97aa852bc71af693cf4fa573f36",
    "https://esm.sh/v102/linkedom@0.14.12/types/html/div-element.d.ts": "118d866590eb246b40615b1cc8074c66e4d7c412153db798c55f9c0a4f51636e",
    "https://esm.sh/v102/linkedom@0.14.12/types/html/document.d.ts": "fc6fe89143f5950527dc99f9280a614c9ecd735f43fa01a20050a5c0cc5c6bff",
    "https://esm.sh/v102/linkedom@0.14.12/types/html/element.d.ts": "201df80d36bf87ae752b28bef5b7d24042241bcdae8a3291946e37f41a518b21",
    "https://esm.sh/v102/linkedom@0.14.12/types/html/embed-element.d.ts": "fc246c0748d16b67147e8c753a9b9fab44d4205ed1b49dce99d05cef2b590b12",
    "https://esm.sh/v102/linkedom@0.14.12/types/html/field-set-element.d.ts": "28e314a5030ae5fe19cf4347400c852eba85b95c0127bbe84ed71dbb9cee0328",
    "https://esm.sh/v102/linkedom@0.14.12/types/html/font-element.d.ts": "abdfc7c7470c0bd9fb126d20be30e0ef151814519f708545ea412fee4f6e3296",
    "https://esm.sh/v102/linkedom@0.14.12/types/html/form-element.d.ts": "18ae8498ff895f67df10604361664c4d0a67a40db81a32b048a9ae62ec1b62b9",
    "https://esm.sh/v102/linkedom@0.14.12/types/html/frame-element.d.ts": "c88c7e73b2964143160ec23b3af1b29850417e3a2ef0f01bdef721c59c50029c",
    "https://esm.sh/v102/linkedom@0.14.12/types/html/frame-set-element.d.ts": "7eb75209ba210df7e94c8a9c9d36f5471b298cf2793208a2d73e8b43dbd91657",
    "https://esm.sh/v102/linkedom@0.14.12/types/html/head-element.d.ts": "625bf945dc118e6f0fd12333229b0b1e29a8b9b691f69bd9c0c9dbd518f81c4d",
    "https://esm.sh/v102/linkedom@0.14.12/types/html/heading-element.d.ts": "4ad75e197c314290cd046d98d9ad47c893d0d397061e064329eec9f84a7de433",
    "https://esm.sh/v102/linkedom@0.14.12/types/html/hr-element.d.ts": "54c27af4acdbaa3f38530a133fc5ec0c83815d0ff113c8d63d8a3deb090d59af",
    "https://esm.sh/v102/linkedom@0.14.12/types/html/html-element.d.ts": "dce00833bff283a3e87881732f8b695cb7482f653f94b89244bc2ce7c5961f05",
    "https://esm.sh/v102/linkedom@0.14.12/types/html/i-frame-element.d.ts": "d787553100e83614920fbb88e7b2f47a0c8a74f0bc10e50297e6c9610c68e39d",
    "https://esm.sh/v102/linkedom@0.14.12/types/html/image-element.d.ts": "ad0cdfff322512a09c24112d28b89f0e665185888ca3e7656503a6993eb80fd7",
    "https://esm.sh/v102/linkedom@0.14.12/types/html/input-element.d.ts": "8bcaa496af61210a17afead57202877d85a02b8bd49a6d599c523554abec1857",
    "https://esm.sh/v102/linkedom@0.14.12/types/html/label-element.d.ts": "5aa7ccd180c2c82bc7e91de763fa72045519cd3a6ce2fce2d2ac52c7614fdc37",
    "https://esm.sh/v102/linkedom@0.14.12/types/html/legend-element.d.ts": "08961496114ecdb2b6ce94ba2a3ad6fe52347ef0259b71a51fadafb5071f4559",
    "https://esm.sh/v102/linkedom@0.14.12/types/html/li-element.d.ts": "dbed42b386b14b5ad080fdeed5c8d52c863cf0ae79fd16dab12942570c869720",
    "https://esm.sh/v102/linkedom@0.14.12/types/html/link-element.d.ts": "3d1128f1bd85f6a2ab609c9a4a54caf8da9b7bddd4da2e5d0a7a03915ac61078",
    "https://esm.sh/v102/linkedom@0.14.12/types/html/map-element.d.ts": "ee8a122664f5e7937855242611e1d6f3aec6a12aa7776db16bfcf33471c1019d",
    "https://esm.sh/v102/linkedom@0.14.12/types/html/marquee-element.d.ts": "2c514bf878714c18802c21a62a0f1a47eb934d7a0e084ab5a9fd1f368c7ca77e",
    "https://esm.sh/v102/linkedom@0.14.12/types/html/media-element.d.ts": "692752290db080fd3fd61a484c723e27fa12e09cec860226c33f15f5dfd6eade",
    "https://esm.sh/v102/linkedom@0.14.12/types/html/menu-element.d.ts": "938097501f10421adf13a58599dd45b2b85e859d204e69930148475f7f271261",
    "https://esm.sh/v102/linkedom@0.14.12/types/html/meta-element.d.ts": "1a8700cdd03e1a07673b58f857b19abcdfeb42f713dfba428610279aa9065d88",
    "https://esm.sh/v102/linkedom@0.14.12/types/html/meter-element.d.ts": "6b60ff238d9a07e1caa5ba3f672dcfa9dd223880b885791ba027671f895507c7",
    "https://esm.sh/v102/linkedom@0.14.12/types/html/mod-element.d.ts": "a90121eb8c57de494645ae6e3157e56b89c6a591056c1ec86f4f8a71e45c417a",
    "https://esm.sh/v102/linkedom@0.14.12/types/html/o-list-element.d.ts": "daa7c3a48cf33711ee9c8c865472234940d8c39fc2155e155810a27f30e3f72f",
    "https://esm.sh/v102/linkedom@0.14.12/types/html/object-element.d.ts": "04c5591672ad18e8ed193b0910806cf44bba02acb7fc2fee5248c88bad31413a",
    "https://esm.sh/v102/linkedom@0.14.12/types/html/opt-group-element.d.ts": "81862f0a756fdef5e4226bfa0e44a692aa0aa1c8356269c8922aeb39be0313b7",
    "https://esm.sh/v102/linkedom@0.14.12/types/html/option-element.d.ts": "9fcd93910a7c4c045b2c1e57e7ff4f4fa83967781d6e134a33ae6916a898244e",
    "https://esm.sh/v102/linkedom@0.14.12/types/html/output-element.d.ts": "afd533d5daeaa340896f9c86e73d7e09fa3713fe0cb18b735884edb86ac69c0a",
    "https://esm.sh/v102/linkedom@0.14.12/types/html/paragraph-element.d.ts": "7960c75a2dd967b9ea64b86aebd8f8a462f396e5a770e9edadae10d7abbcd9c3",
    "https://esm.sh/v102/linkedom@0.14.12/types/html/param-element.d.ts": "759f3e84e3754b60f13bedbaf8ce46babed258c3db83962f7d6baadceb6596b7",
    "https://esm.sh/v102/linkedom@0.14.12/types/html/picture-element.d.ts": "d1f62e149cf25d0780bb461061c0f5cba1de4cdc33a7230fb098a546481345d6",
    "https://esm.sh/v102/linkedom@0.14.12/types/html/pre-element.d.ts": "c2158d28051ff2aa37fd6afebbe4c924c3850558ff3781de102ff9cfca863836",
    "https://esm.sh/v102/linkedom@0.14.12/types/html/progress-element.d.ts": "5d0489c331e2d7c0c0d1b0d5f2af97e31e2057541f8064b2ea52e54d69f4d8fa",
    "https://esm.sh/v102/linkedom@0.14.12/types/html/quote-element.d.ts": "632a4b97dba3c766b772b484a8911aa8b07476d4c42be775b9ed35575fe3e4b1",
    "https://esm.sh/v102/linkedom@0.14.12/types/html/script-element.d.ts": "28080aa3622d672527f830e65a2eb779ca5465dc5d6578d49892620686704aac",
    "https://esm.sh/v102/linkedom@0.14.12/types/html/select-element.d.ts": "6174d8200a4832dcede01bb4800db551b5e0c722f7dd26839de07459413e38ea",
    "https://esm.sh/v102/linkedom@0.14.12/types/html/slot-element.d.ts": "f999de45d259f653704bfd15658657ebe490580f91ac186c384a9b5c552d51bd",
    "https://esm.sh/v102/linkedom@0.14.12/types/html/source-element.d.ts": "86c50009cce58291eb3d31db5f5f1ffd1cf97fd492339e698e8310f7b047695c",
    "https://esm.sh/v102/linkedom@0.14.12/types/html/span-element.d.ts": "bff95167f92ba81a026c00f24ad1201a4189b5ac3c18fdaf77f756e870f26b43",
    "https://esm.sh/v102/linkedom@0.14.12/types/html/style-element.d.ts": "d8c64b600cb250bd526e27dc836b1cabb7c51ed5aca763b229962db625486203",
    "https://esm.sh/v102/linkedom@0.14.12/types/html/table-caption-element.d.ts": "6f263985ce6576dbebbe14e158438681a8aae1137a5db2a6916b0d69400fa010",
    "https://esm.sh/v102/linkedom@0.14.12/types/html/table-cell-element.d.ts": "713525429c03310678949df4b38e32af3d5b3dd82663e4ee19b611b235ad9c28",
    "https://esm.sh/v102/linkedom@0.14.12/types/html/table-element.d.ts": "551cd35d7365e942d2e0cb9e079f8e7721d425e9b804b980a2d2c3585db3f8ec",
    "https://esm.sh/v102/linkedom@0.14.12/types/html/table-row-element.d.ts": "a8ce834d27f9fb61dfc67f03fb904be8bd9e28264b7370984c775f2f387b3733",
    "https://esm.sh/v102/linkedom@0.14.12/types/html/template-element.d.ts": "72f70880b9969dd95caafeedb41f4bc81eed973225eeee246d5443b0d0a47d6c",
    "https://esm.sh/v102/linkedom@0.14.12/types/html/text-area-element.d.ts": "e39590b80494126fbc210e824e72c4017db141803c040d852d7e4d516e9a8524",
    "https://esm.sh/v102/linkedom@0.14.12/types/html/text-element.d.ts": "e63bdaf90cb0e0e6aadd561138c10b5af0b439731c30bee08b8aedac8f6e128d",
    "https://esm.sh/v102/linkedom@0.14.12/types/html/time-element.d.ts": "d48e2ae898d80d511df518542eb8b0338de692ce0337e650a10db24340c43be4",
    "https://esm.sh/v102/linkedom@0.14.12/types/html/title-element.d.ts": "e81579998e8268a3653cdf2dc90dccdd572bfcb5644e5f1a32bb1aa107db853c",
    "https://esm.sh/v102/linkedom@0.14.12/types/html/track-element.d.ts": "63fba63c9504f130734bfba63ab3ff54e51b45234d2283367b854cdc82ad45e2",
    "https://esm.sh/v102/linkedom@0.14.12/types/html/u-list-element.d.ts": "bd62f62d2463032396e3f1419a8b5ddfb220fadcddedf7129f87fc2f7ef86e73",
    "https://esm.sh/v102/linkedom@0.14.12/types/html/unknown-element.d.ts": "0c41fb108a65b6342e96d7c99fea70a22c5fbc6c7ddbf4bb030a565fd8d87ad8",
    "https://esm.sh/v102/linkedom@0.14.12/types/html/video-element.d.ts": "ba3ee0bc838d5f3e73f046ecf6c283429c54119b291d23ef8680628b377895fa",
    "https://esm.sh/v102/linkedom@0.14.12/types/index.d.ts": "2d4282674a32258fb314972ca38d7eae920465952d558fca6eb27716b171a679",
    "https://esm.sh/v102/linkedom@0.14.12/types/interface/attr.d.ts": "e482a921ee1d52a58d0a6a38b0ae809d56f0337c0af00dead493a1dbedf0b84b",
    "https://esm.sh/v102/linkedom@0.14.12/types/interface/character-data.d.ts": "ca4fa979cbda03fb04c3750e622e25f1de9f6105c6f5edbe605d613f38d55a7d",
    "https://esm.sh/v102/linkedom@0.14.12/types/interface/comment.d.ts": "41e605477ec2351afd251bebc0f6fe4d70626d02b0bcbee14155fbae406896ef",
    "https://esm.sh/v102/linkedom@0.14.12/types/interface/custom-event.d.ts": "602e060b6aa63bf2d372e754e39108a040c5d4031442f1e614e0d75ed99c311e",
    "https://esm.sh/v102/linkedom@0.14.12/types/interface/document-fragment.d.ts": "d12fc6d3ddb81992d887421afb0eb8b2733a54242861e617f71020a8282349d2",
    "https://esm.sh/v102/linkedom@0.14.12/types/interface/document-type.d.ts": "ba234f9e4fe4cf16982a99e2f4ac94403b7c08056c20b741fb30acfdcc6c4936",
    "https://esm.sh/v102/linkedom@0.14.12/types/interface/document.d.ts": "185018189df9812965fd7a0449ca1a6fc52406722565922ca2ca0aad644807bf",
    "https://esm.sh/v102/linkedom@0.14.12/types/interface/element.d.ts": "11c1c106a327dafffc583615179ccdf0d3d8ae806f76a1eab01d37d295e657cb",
    "https://esm.sh/v102/linkedom@0.14.12/types/interface/event-target.d.ts": "9e62fe82312dbc8a6b9d19646b0c725e9261d04368f3ea79466dc6a3aee5631c",
    "https://esm.sh/v102/linkedom@0.14.12/types/interface/event.d.ts": "d3fcbd9d89fe1774e5f5fee11b6bf9d3ec5da6b1aede32777f8cc6dc4b91c4b7",
    "https://esm.sh/v102/linkedom@0.14.12/types/interface/input-event.d.ts": "35d488c8642c7411a344cf987efe3bd4db8f3c03796366e21d5bbc2a0f9732f3",
    "https://esm.sh/v102/linkedom@0.14.12/types/interface/node-list.d.ts": "f863a5b544f2d8d87aeaa3ec7afa3b02e212f5dfc066aebf41baba35696a6ea1",
    "https://esm.sh/v102/linkedom@0.14.12/types/interface/node.d.ts": "1d5da82c382ad4916f692374f8a1b97e53de3e4c134b01e97f807b47b604fcd7",
    "https://esm.sh/v102/linkedom@0.14.12/types/interface/range.d.ts": "c8a3032c9efbb99774c822b9eb6c070f5c6be3accd34bba638213d5235ad3f9d",
    "https://esm.sh/v102/linkedom@0.14.12/types/interface/shadow-root.d.ts": "c15e767b4321f9404f8f24c349bb189a2821c8b309aff5030a81da57f1e320bf",
    "https://esm.sh/v102/linkedom@0.14.12/types/interface/text.d.ts": "11683771207a5278618f0c35b426032a928e3bf1ce0537e394ec280a84a33785",
    "https://esm.sh/v102/linkedom@0.14.12/types/interface/tree-walker.d.ts": "9c5bcc71b93f1ad7eff8e2bf507be72bb2955a11eab51a207c92cf12c8930ce6",
    "https://esm.sh/v102/linkedom@0.14.12/types/mixin/non-element-parent-node.d.ts": "1d683e9ccbed8b6fbcd13a888edadec24b34637ea2fed0a699d74fff2d292b2e",
    "https://esm.sh/v102/linkedom@0.14.12/types/mixin/parent-node.d.ts": "362df767f8769e15556b98bf28ec28ba2c015bc83920a234adb2c19f82352f9c",
    "https://esm.sh/v102/linkedom@0.14.12/types/shared/constants.d.ts": "56250ffde7e1674053116232b87bb60ed4fd85091d86f4571edef6b683fd8b51",
    "https://esm.sh/v102/linkedom@0.14.12/types/shared/facades.d.ts": "778b38f730bbe14613ba523dc27acaf9f7e9e2c2b3ce55f8aefc0d9feec7530a",
    "https://esm.sh/v102/linkedom@0.14.12/types/shared/html-classes.d.ts": "ce71e0198a0e2604d3970a78d96a5335f48ec02ed9bebed4bde35ae1647110c2",
    "https://esm.sh/v102/linkedom@0.14.12/types/shared/parse-json.d.ts": "05795e5530dbb90eed84938242a49d94588e6b4cedad1396f6867ebba1de3671",
    "https://esm.sh/v102/linkedom@0.14.12/types/shared/symbols.d.ts": "df1338c61f07d2fd505caf288a5077061bf9d4f2611ef8ceb5b42c3b7677e8c4",
    "https://esm.sh/v102/linkedom@0.14.12/types/svg/document.d.ts": "f2600431b63e35ed333bc824816f43a5b037407e79d1f031004f8bea892eea41",
    "https://esm.sh/v102/linkedom@0.14.12/types/svg/element.d.ts": "cb8fd5026382eafabbea29348eb3be08e4037bfac405ad222d9c92b7eed0e745",
    "https://esm.sh/v102/linkedom@0.14.12/types/xml/document.d.ts": "6ba70daf6c217340e7d49cd4789f68563a11d4e4116019454ebc57960a38cc5e",
    "https://esm.sh/v102/linkedom@0.14.21/deno/linkedom.js": "bb6c50c9d7a02109227a5461a7a5a6025225b56f87ddd263e3c68c1fef75457c",
    "https://esm.sh/v102/linkedom@0.14.21/types/esm/dom/parser.d.ts": "c60ecc623dd93910a50668a20b55f1d9ad5caa23af936a7f59a478e23467492e",
    "https://esm.sh/v102/linkedom@0.14.21/types/esm/html/anchor-element.d.ts": "8bcaf1ecf73af8bacb5cb382a1b75c1641175ba740d9d97c4d1d7c85e392d548",
    "https://esm.sh/v102/linkedom@0.14.21/types/esm/html/area-element.d.ts": "4765fbd1d58f74eea1cbf9da977cf0ec6ac4794fe749e6ac5ba42835bf38fb5e",
    "https://esm.sh/v102/linkedom@0.14.21/types/esm/html/audio-element.d.ts": "70f90797244ac0d7f1d7217a4cf5d084ce9c5a452778fe6bfbfc13f385735871",
    "https://esm.sh/v102/linkedom@0.14.21/types/esm/html/base-element.d.ts": "ed768f82ae3bf6c4c5f1df97f011ebf77524799fed2e533e50f8b7276e183ffa",
    "https://esm.sh/v102/linkedom@0.14.21/types/esm/html/body-element.d.ts": "5e9c88404224db99e0360df2928c73a1f89a92a10d6702bdd8575192055d20c6",
    "https://esm.sh/v102/linkedom@0.14.21/types/esm/html/br-element.d.ts": "321ac70ae41868699160733c1e0c04fec51eb906ee6d4c9a9ef94df637ee83f3",
    "https://esm.sh/v102/linkedom@0.14.21/types/esm/html/button-element.d.ts": "89487823edff51acb77bf8c0ae8bccd8d0573c509804affc49d3caa322903998",
    "https://esm.sh/v102/linkedom@0.14.21/types/esm/html/canvas-element.d.ts": "6d4ae26166480992fc5ab74dab48f639cb5268c76d8997bc754df5b1f2ad3ce5",
    "https://esm.sh/v102/linkedom@0.14.21/types/esm/html/d-list-element.d.ts": "a7a2e26ced2012dbdfcdeec871b4d82bf1efa9999ee82bc926536ee45d80a1c6",
    "https://esm.sh/v102/linkedom@0.14.21/types/esm/html/data-element.d.ts": "12f3a09d7a498cf55a1a4cec066f70d1a93436b35b88514a5c7ab0ad770341e9",
    "https://esm.sh/v102/linkedom@0.14.21/types/esm/html/data-list-element.d.ts": "a7395992018e0c10f3d543a80eb67c37112e051e00dd5907d6d9c391141da805",
    "https://esm.sh/v102/linkedom@0.14.21/types/esm/html/details-element.d.ts": "6286d6da09f2dacac76dc6f8e4041756ab4b3505d621db36f5e2bac042d7e25d",
    "https://esm.sh/v102/linkedom@0.14.21/types/esm/html/directory-element.d.ts": "0a518d3d8cf7f11f1dd310e9e8f200f7042dd97aa852bc71af693cf4fa573f36",
    "https://esm.sh/v102/linkedom@0.14.21/types/esm/html/div-element.d.ts": "118d866590eb246b40615b1cc8074c66e4d7c412153db798c55f9c0a4f51636e",
    "https://esm.sh/v102/linkedom@0.14.21/types/esm/html/document.d.ts": "fc6fe89143f5950527dc99f9280a614c9ecd735f43fa01a20050a5c0cc5c6bff",
    "https://esm.sh/v102/linkedom@0.14.21/types/esm/html/element.d.ts": "e66e87b06a83e45cc84606cdc32ce9876edf92314098b449cc649f989cb1b251",
    "https://esm.sh/v102/linkedom@0.14.21/types/esm/html/embed-element.d.ts": "fc246c0748d16b67147e8c753a9b9fab44d4205ed1b49dce99d05cef2b590b12",
    "https://esm.sh/v102/linkedom@0.14.21/types/esm/html/field-set-element.d.ts": "28e314a5030ae5fe19cf4347400c852eba85b95c0127bbe84ed71dbb9cee0328",
    "https://esm.sh/v102/linkedom@0.14.21/types/esm/html/font-element.d.ts": "abdfc7c7470c0bd9fb126d20be30e0ef151814519f708545ea412fee4f6e3296",
    "https://esm.sh/v102/linkedom@0.14.21/types/esm/html/form-element.d.ts": "18ae8498ff895f67df10604361664c4d0a67a40db81a32b048a9ae62ec1b62b9",
    "https://esm.sh/v102/linkedom@0.14.21/types/esm/html/frame-element.d.ts": "c88c7e73b2964143160ec23b3af1b29850417e3a2ef0f01bdef721c59c50029c",
    "https://esm.sh/v102/linkedom@0.14.21/types/esm/html/frame-set-element.d.ts": "7eb75209ba210df7e94c8a9c9d36f5471b298cf2793208a2d73e8b43dbd91657",
    "https://esm.sh/v102/linkedom@0.14.21/types/esm/html/head-element.d.ts": "625bf945dc118e6f0fd12333229b0b1e29a8b9b691f69bd9c0c9dbd518f81c4d",
    "https://esm.sh/v102/linkedom@0.14.21/types/esm/html/heading-element.d.ts": "4ad75e197c314290cd046d98d9ad47c893d0d397061e064329eec9f84a7de433",
    "https://esm.sh/v102/linkedom@0.14.21/types/esm/html/hr-element.d.ts": "54c27af4acdbaa3f38530a133fc5ec0c83815d0ff113c8d63d8a3deb090d59af",
    "https://esm.sh/v102/linkedom@0.14.21/types/esm/html/html-element.d.ts": "dce00833bff283a3e87881732f8b695cb7482f653f94b89244bc2ce7c5961f05",
    "https://esm.sh/v102/linkedom@0.14.21/types/esm/html/i-frame-element.d.ts": "c436790ad876efa74c7c5dc78ee1f676a0d49d81e54ae3bcfd436e6138e9ddd5",
    "https://esm.sh/v102/linkedom@0.14.21/types/esm/html/image-element.d.ts": "ad0cdfff322512a09c24112d28b89f0e665185888ca3e7656503a6993eb80fd7",
    "https://esm.sh/v102/linkedom@0.14.21/types/esm/html/input-element.d.ts": "f144d79007c635b50503b716a98f571a44010fbb38d60887e432ac7740e1ecc0",
    "https://esm.sh/v102/linkedom@0.14.21/types/esm/html/label-element.d.ts": "5aa7ccd180c2c82bc7e91de763fa72045519cd3a6ce2fce2d2ac52c7614fdc37",
    "https://esm.sh/v102/linkedom@0.14.21/types/esm/html/legend-element.d.ts": "08961496114ecdb2b6ce94ba2a3ad6fe52347ef0259b71a51fadafb5071f4559",
    "https://esm.sh/v102/linkedom@0.14.21/types/esm/html/li-element.d.ts": "dbed42b386b14b5ad080fdeed5c8d52c863cf0ae79fd16dab12942570c869720",
    "https://esm.sh/v102/linkedom@0.14.21/types/esm/html/link-element.d.ts": "3d1128f1bd85f6a2ab609c9a4a54caf8da9b7bddd4da2e5d0a7a03915ac61078",
    "https://esm.sh/v102/linkedom@0.14.21/types/esm/html/map-element.d.ts": "ee8a122664f5e7937855242611e1d6f3aec6a12aa7776db16bfcf33471c1019d",
    "https://esm.sh/v102/linkedom@0.14.21/types/esm/html/marquee-element.d.ts": "2c514bf878714c18802c21a62a0f1a47eb934d7a0e084ab5a9fd1f368c7ca77e",
    "https://esm.sh/v102/linkedom@0.14.21/types/esm/html/media-element.d.ts": "692752290db080fd3fd61a484c723e27fa12e09cec860226c33f15f5dfd6eade",
    "https://esm.sh/v102/linkedom@0.14.21/types/esm/html/menu-element.d.ts": "938097501f10421adf13a58599dd45b2b85e859d204e69930148475f7f271261",
    "https://esm.sh/v102/linkedom@0.14.21/types/esm/html/meta-element.d.ts": "1a8700cdd03e1a07673b58f857b19abcdfeb42f713dfba428610279aa9065d88",
    "https://esm.sh/v102/linkedom@0.14.21/types/esm/html/meter-element.d.ts": "6b60ff238d9a07e1caa5ba3f672dcfa9dd223880b885791ba027671f895507c7",
    "https://esm.sh/v102/linkedom@0.14.21/types/esm/html/mod-element.d.ts": "a90121eb8c57de494645ae6e3157e56b89c6a591056c1ec86f4f8a71e45c417a",
    "https://esm.sh/v102/linkedom@0.14.21/types/esm/html/o-list-element.d.ts": "daa7c3a48cf33711ee9c8c865472234940d8c39fc2155e155810a27f30e3f72f",
    "https://esm.sh/v102/linkedom@0.14.21/types/esm/html/object-element.d.ts": "04c5591672ad18e8ed193b0910806cf44bba02acb7fc2fee5248c88bad31413a",
    "https://esm.sh/v102/linkedom@0.14.21/types/esm/html/opt-group-element.d.ts": "81862f0a756fdef5e4226bfa0e44a692aa0aa1c8356269c8922aeb39be0313b7",
    "https://esm.sh/v102/linkedom@0.14.21/types/esm/html/option-element.d.ts": "4829e7caa4f8e3551b531de58566a91d7e0efd2605571e072c966ca961b2f542",
    "https://esm.sh/v102/linkedom@0.14.21/types/esm/html/output-element.d.ts": "afd533d5daeaa340896f9c86e73d7e09fa3713fe0cb18b735884edb86ac69c0a",
    "https://esm.sh/v102/linkedom@0.14.21/types/esm/html/paragraph-element.d.ts": "7960c75a2dd967b9ea64b86aebd8f8a462f396e5a770e9edadae10d7abbcd9c3",
    "https://esm.sh/v102/linkedom@0.14.21/types/esm/html/param-element.d.ts": "759f3e84e3754b60f13bedbaf8ce46babed258c3db83962f7d6baadceb6596b7",
    "https://esm.sh/v102/linkedom@0.14.21/types/esm/html/picture-element.d.ts": "d1f62e149cf25d0780bb461061c0f5cba1de4cdc33a7230fb098a546481345d6",
    "https://esm.sh/v102/linkedom@0.14.21/types/esm/html/pre-element.d.ts": "c2158d28051ff2aa37fd6afebbe4c924c3850558ff3781de102ff9cfca863836",
    "https://esm.sh/v102/linkedom@0.14.21/types/esm/html/progress-element.d.ts": "5d0489c331e2d7c0c0d1b0d5f2af97e31e2057541f8064b2ea52e54d69f4d8fa",
    "https://esm.sh/v102/linkedom@0.14.21/types/esm/html/quote-element.d.ts": "632a4b97dba3c766b772b484a8911aa8b07476d4c42be775b9ed35575fe3e4b1",
    "https://esm.sh/v102/linkedom@0.14.21/types/esm/html/script-element.d.ts": "afb7ec13bc88b778cc78ae3f73b8ff677b3e7a648028c4a63aafc53de8cdb69f",
    "https://esm.sh/v102/linkedom@0.14.21/types/esm/html/select-element.d.ts": "3dd222dba61e9944aa7c92a54248b6115078a98f52681b6d6a17afb534a9ee52",
    "https://esm.sh/v102/linkedom@0.14.21/types/esm/html/slot-element.d.ts": "f999de45d259f653704bfd15658657ebe490580f91ac186c384a9b5c552d51bd",
    "https://esm.sh/v102/linkedom@0.14.21/types/esm/html/source-element.d.ts": "86c50009cce58291eb3d31db5f5f1ffd1cf97fd492339e698e8310f7b047695c",
    "https://esm.sh/v102/linkedom@0.14.21/types/esm/html/span-element.d.ts": "bff95167f92ba81a026c00f24ad1201a4189b5ac3c18fdaf77f756e870f26b43",
    "https://esm.sh/v102/linkedom@0.14.21/types/esm/html/style-element.d.ts": "d8c64b600cb250bd526e27dc836b1cabb7c51ed5aca763b229962db625486203",
    "https://esm.sh/v102/linkedom@0.14.21/types/esm/html/table-caption-element.d.ts": "6f263985ce6576dbebbe14e158438681a8aae1137a5db2a6916b0d69400fa010",
    "https://esm.sh/v102/linkedom@0.14.21/types/esm/html/table-cell-element.d.ts": "713525429c03310678949df4b38e32af3d5b3dd82663e4ee19b611b235ad9c28",
    "https://esm.sh/v102/linkedom@0.14.21/types/esm/html/table-element.d.ts": "551cd35d7365e942d2e0cb9e079f8e7721d425e9b804b980a2d2c3585db3f8ec",
    "https://esm.sh/v102/linkedom@0.14.21/types/esm/html/table-row-element.d.ts": "a8ce834d27f9fb61dfc67f03fb904be8bd9e28264b7370984c775f2f387b3733",
    "https://esm.sh/v102/linkedom@0.14.21/types/esm/html/template-element.d.ts": "72f70880b9969dd95caafeedb41f4bc81eed973225eeee246d5443b0d0a47d6c",
    "https://esm.sh/v102/linkedom@0.14.21/types/esm/html/text-area-element.d.ts": "e39590b80494126fbc210e824e72c4017db141803c040d852d7e4d516e9a8524",
    "https://esm.sh/v102/linkedom@0.14.21/types/esm/html/text-element.d.ts": "e63bdaf90cb0e0e6aadd561138c10b5af0b439731c30bee08b8aedac8f6e128d",
    "https://esm.sh/v102/linkedom@0.14.21/types/esm/html/time-element.d.ts": "d48e2ae898d80d511df518542eb8b0338de692ce0337e650a10db24340c43be4",
    "https://esm.sh/v102/linkedom@0.14.21/types/esm/html/title-element.d.ts": "e81579998e8268a3653cdf2dc90dccdd572bfcb5644e5f1a32bb1aa107db853c",
    "https://esm.sh/v102/linkedom@0.14.21/types/esm/html/track-element.d.ts": "63fba63c9504f130734bfba63ab3ff54e51b45234d2283367b854cdc82ad45e2",
    "https://esm.sh/v102/linkedom@0.14.21/types/esm/html/u-list-element.d.ts": "bd62f62d2463032396e3f1419a8b5ddfb220fadcddedf7129f87fc2f7ef86e73",
    "https://esm.sh/v102/linkedom@0.14.21/types/esm/html/unknown-element.d.ts": "0c41fb108a65b6342e96d7c99fea70a22c5fbc6c7ddbf4bb030a565fd8d87ad8",
    "https://esm.sh/v102/linkedom@0.14.21/types/esm/html/video-element.d.ts": "ba3ee0bc838d5f3e73f046ecf6c283429c54119b291d23ef8680628b377895fa",
    "https://esm.sh/v102/linkedom@0.14.21/types/esm/index.d.ts": "58d4397286fc0a6f5d8c3d6578856ef224be4e2a20454a010cfdb51715b4f3cd",
    "https://esm.sh/v102/linkedom@0.14.21/types/esm/interface/attr.d.ts": "e482a921ee1d52a58d0a6a38b0ae809d56f0337c0af00dead493a1dbedf0b84b",
    "https://esm.sh/v102/linkedom@0.14.21/types/esm/interface/character-data.d.ts": "ca4fa979cbda03fb04c3750e622e25f1de9f6105c6f5edbe605d613f38d55a7d",
    "https://esm.sh/v102/linkedom@0.14.21/types/esm/interface/comment.d.ts": "41e605477ec2351afd251bebc0f6fe4d70626d02b0bcbee14155fbae406896ef",
    "https://esm.sh/v102/linkedom@0.14.21/types/esm/interface/custom-event.d.ts": "fb4e6b6564637592d0e4e35b42367a5001a7435e692a2c18656d990fc418de74",
    "https://esm.sh/v102/linkedom@0.14.21/types/esm/interface/document-fragment.d.ts": "d12fc6d3ddb81992d887421afb0eb8b2733a54242861e617f71020a8282349d2",
    "https://esm.sh/v102/linkedom@0.14.21/types/esm/interface/document-type.d.ts": "ba234f9e4fe4cf16982a99e2f4ac94403b7c08056c20b741fb30acfdcc6c4936",
    "https://esm.sh/v102/linkedom@0.14.21/types/esm/interface/document.d.ts": "7c97ad5c03ee08a8d30f38ab5f62cf5c4ee8cd5bb6b92736dcc7aa76c1b744ab",
    "https://esm.sh/v102/linkedom@0.14.21/types/esm/interface/element.d.ts": "37defcced20532b3c232a6c7998b2d46b143652266210bbb2b7571442786d15f",
    "https://esm.sh/v102/linkedom@0.14.21/types/esm/interface/event-target.d.ts": "9e62fe82312dbc8a6b9d19646b0c725e9261d04368f3ea79466dc6a3aee5631c",
    "https://esm.sh/v102/linkedom@0.14.21/types/esm/interface/event.d.ts": "d3fcbd9d89fe1774e5f5fee11b6bf9d3ec5da6b1aede32777f8cc6dc4b91c4b7",
    "https://esm.sh/v102/linkedom@0.14.21/types/esm/interface/input-event.d.ts": "35d488c8642c7411a344cf987efe3bd4db8f3c03796366e21d5bbc2a0f9732f3",
    "https://esm.sh/v102/linkedom@0.14.21/types/esm/interface/node-filter.d.ts": "2bd69d15b31d736ae79b7eaf1ef7c3afafbfc06b133834ff7bcc32392e6532ca",
    "https://esm.sh/v102/linkedom@0.14.21/types/esm/interface/node-list.d.ts": "f863a5b544f2d8d87aeaa3ec7afa3b02e212f5dfc066aebf41baba35696a6ea1",
    "https://esm.sh/v102/linkedom@0.14.21/types/esm/interface/node.d.ts": "3ad81885b5715bdfea5e891a9eb3b2ec41e35b945dcffed14d9d44ce91e1119e",
    "https://esm.sh/v102/linkedom@0.14.21/types/esm/interface/range.d.ts": "c8a3032c9efbb99774c822b9eb6c070f5c6be3accd34bba638213d5235ad3f9d",
    "https://esm.sh/v102/linkedom@0.14.21/types/esm/interface/shadow-root.d.ts": "96529a699f5f89854afd85d7459b35d74fa11518d0ca22cb5d32e302319fb5d3",
    "https://esm.sh/v102/linkedom@0.14.21/types/esm/interface/text.d.ts": "11683771207a5278618f0c35b426032a928e3bf1ce0537e394ec280a84a33785",
    "https://esm.sh/v102/linkedom@0.14.21/types/esm/interface/tree-walker.d.ts": "9c5bcc71b93f1ad7eff8e2bf507be72bb2955a11eab51a207c92cf12c8930ce6",
    "https://esm.sh/v102/linkedom@0.14.21/types/esm/mixin/non-element-parent-node.d.ts": "1d683e9ccbed8b6fbcd13a888edadec24b34637ea2fed0a699d74fff2d292b2e",
    "https://esm.sh/v102/linkedom@0.14.21/types/esm/mixin/parent-node.d.ts": "362df767f8769e15556b98bf28ec28ba2c015bc83920a234adb2c19f82352f9c",
    "https://esm.sh/v102/linkedom@0.14.21/types/esm/shared/constants.d.ts": "8bea98798af7f562283dccbeb08d54c8f2189cccd39e14780a5fda38186562c3",
    "https://esm.sh/v102/linkedom@0.14.21/types/esm/shared/facades.d.ts": "778b38f730bbe14613ba523dc27acaf9f7e9e2c2b3ce55f8aefc0d9feec7530a",
    "https://esm.sh/v102/linkedom@0.14.21/types/esm/shared/html-classes.d.ts": "ce71e0198a0e2604d3970a78d96a5335f48ec02ed9bebed4bde35ae1647110c2",
    "https://esm.sh/v102/linkedom@0.14.21/types/esm/shared/parse-json.d.ts": "05795e5530dbb90eed84938242a49d94588e6b4cedad1396f6867ebba1de3671",
    "https://esm.sh/v102/linkedom@0.14.21/types/esm/shared/symbols.d.ts": "0c2d4f2518cfea21985c2640c8d9d465746481bb9cfbabfcd75e5f7fbeab3a64",
    "https://esm.sh/v102/linkedom@0.14.21/types/esm/svg/document.d.ts": "f2600431b63e35ed333bc824816f43a5b037407e79d1f031004f8bea892eea41",
    "https://esm.sh/v102/linkedom@0.14.21/types/esm/svg/element.d.ts": "c4995ccffb6cfece153fde1ed04abb6ed195e834ea2c5126f15fa7d9b3667030",
    "https://esm.sh/v102/linkedom@0.14.21/types/esm/xml/document.d.ts": "6ba70daf6c217340e7d49cd4789f68563a11d4e4116019454ebc57960a38cc5e",
    "https://esm.sh/v102/nth-check@2.1.1/deno/nth-check.js": "a7aa78a04c30f4cddecb2f157b46b3b996e7589f3c817fcdcf5bcc403649c67e",
    "https://esm.sh/v102/uhyphen@0.1.0/deno/uhyphen.js": "05a78ded7abcd93e04fed282d654f9fa316f8a576753a9c79a9b150d531821ea"
  }
}
